// !$*UTF8*$!
{
	archiveVersion = 1;
	classes = {
	};
	objectVersion = 56;
	objects = {

/* Begin PBXBuildFile section */
		0C65BC492C53D13D0046B20A /* IntroDiscordApp.swift in Sources */ = {isa = PBXBuildFile; fileRef = 0C65BC482C53D13D0046B20A /* IntroDiscordApp.swift */; };
		0C65BC4B2C53D13D0046B20A /* ContentView.swift in Sources */ = {isa = PBXBuildFile; fileRef = 0C65BC4A2C53D13D0046B20A /* ContentView.swift */; };
		0C65BC4D2C53D13E0046B20A /* Assets.xcassets in Resources */ = {isa = PBXBuildFile; fileRef = 0C65BC4C2C53D13E0046B20A /* Assets.xcassets */; };
		0C65BC502C53D13E0046B20A /* Preview Assets.xcassets in Resources */ = {isa = PBXBuildFile; fileRef = 0C65BC4F2C53D13E0046B20A /* Preview Assets.xcassets */; };
		0C65BC572C5638B10046B20A /* LogoAndTextsView.swift in Sources */ = {isa = PBXBuildFile; fileRef = 0C65BC562C5638B10046B20A /* LogoAndTextsView.swift */; };
		0C65BC5D2C563A130046B20A /* RegistrationButtonView.swift in Sources */ = {isa = PBXBuildFile; fileRef = 0C65BC5C2C563A130046B20A /* RegistrationButtonView.swift */; };
		0C65BC5F2C563A910046B20A /* LoginButtonView.swift in Sources */ = {isa = PBXBuildFile; fileRef = 0C65BC5E2C563A910046B20A /* LoginButtonView.swift */; };
		0C65BC642C563D610046B20A /* ButtonStyle+Ext.swift in Sources */ = {isa = PBXBuildFile; fileRef = 0C65BC632C563D610046B20A /* ButtonStyle+Ext.swift */; };
		0C65BC662C56BCAC0046B20A /* SnackView.swift in Sources */ = {isa = PBXBuildFile; fileRef = 0C65BC652C56BCAC0046B20A /* SnackView.swift */; };
		0C65BC682C57CBC90046B20A /* ContentViewModel.swift in Sources */ = {isa = PBXBuildFile; fileRef = 0C65BC672C57CBC90046B20A /* ContentViewModel.swift */; };
/* End PBXBuildFile section */

/* Begin PBXFileReference section */
		0C65BC452C53D13D0046B20A /* IntroDiscord.app */ = {isa = PBXFileReference; explicitFileType = wrapper.application; includeInIndex = 0; path = IntroDiscord.app; sourceTree = BUILT_PRODUCTS_DIR; };
		0C65BC482C53D13D0046B20A /* IntroDiscordApp.swift */ = {isa = PBXFileReference; lastKnownFileType = sourcecode.swift; path = IntroDiscordApp.swift; sourceTree = "<group>"; };
		0C65BC4A2C53D13D0046B20A /* ContentView.swift */ = {isa = PBXFileReference; lastKnownFileType = sourcecode.swift; path = ContentView.swift; sourceTree = "<group>"; };
		0C65BC4C2C53D13E0046B20A /* Assets.xcassets */ = {isa = PBXFileReference; lastKnownFileType = folder.assetcatalog; path = Assets.xcassets; sourceTree = "<group>"; };
		0C65BC4F2C53D13E0046B20A /* Preview Assets.xcassets */ = {isa = PBXFileReference; lastKnownFileType = folder.assetcatalog; path = "Preview Assets.xcassets"; sourceTree = "<group>"; };
		0C65BC562C5638B10046B20A /* LogoAndTextsView.swift */ = {isa = PBXFileReference; lastKnownFileType = sourcecode.swift; path = LogoAndTextsView.swift; sourceTree = "<group>"; };
		0C65BC5C2C563A130046B20A /* RegistrationButtonView.swift */ = {isa = PBXFileReference; lastKnownFileType = sourcecode.swift; path = RegistrationButtonView.swift; sourceTree = "<group>"; };
		0C65BC5E2C563A910046B20A /* LoginButtonView.swift */ = {isa = PBXFileReference; lastKnownFileType = sourcecode.swift; path = LoginButtonView.swift; sourceTree = "<group>"; };
		0C65BC632C563D610046B20A /* ButtonStyle+Ext.swift */ = {isa = PBXFileReference; lastKnownFileType = sourcecode.swift; path = "ButtonStyle+Ext.swift"; sourceTree = "<group>"; };
		0C65BC652C56BCAC0046B20A /* SnackView.swift */ = {isa = PBXFileReference; lastKnownFileType = sourcecode.swift; path = SnackView.swift; sourceTree = "<group>"; };
		0C65BC672C57CBC90046B20A /* ContentViewModel.swift */ = {isa = PBXFileReference; lastKnownFileType = sourcecode.swift; path = ContentViewModel.swift; sourceTree = "<group>"; };
/* End PBXFileReference section */

/* Begin PBXFrameworksBuildPhase section */
		0C65BC422C53D13D0046B20A /* Frameworks */ = {
			isa = PBXFrameworksBuildPhase;
			buildActionMask = 2147483647;
			files = (
			);
			runOnlyForDeploymentPostprocessing = 0;
		};
/* End PBXFrameworksBuildPhase section */

/* Begin PBXGroup section */
		0C65BC3C2C53D13D0046B20A = {
			isa = PBXGroup;
			children = (
				0C65BC472C53D13D0046B20A /* IntroDiscord */,
				0C65BC462C53D13D0046B20A /* Products */,
			);
			sourceTree = "<group>";
		};
		0C65BC462C53D13D0046B20A /* Products */ = {
			isa = PBXGroup;
			children = (
				0C65BC452C53D13D0046B20A /* IntroDiscord.app */,
			);
			name = Products;
			sourceTree = "<group>";
		};
		0C65BC472C53D13D0046B20A /* IntroDiscord */ = {
			isa = PBXGroup;
			children = (
				0C65BC482C53D13D0046B20A /* IntroDiscordApp.swift */,
				0C65BC4A2C53D13D0046B20A /* ContentView.swift */,
				0C65BC672C57CBC90046B20A /* ContentViewModel.swift */,
				0C65BC602C563C6E0046B20A /* Extension */,
				0C65BC5A2C5639C10046B20A /* Views */,
				0C65BC4C2C53D13E0046B20A /* Assets.xcassets */,
				0C65BC4E2C53D13E0046B20A /* Preview Content */,
			);
			path = IntroDiscord;
			sourceTree = "<group>";
		};
		0C65BC4E2C53D13E0046B20A /* Preview Content */ = {
			isa = PBXGroup;
			children = (
				0C65BC4F2C53D13E0046B20A /* Preview Assets.xcassets */,
			);
			path = "Preview Content";
			sourceTree = "<group>";
		};
		0C65BC5A2C5639C10046B20A /* Views */ = {
			isa = PBXGroup;
			children = (
				0C65BC5B2C5639D30046B20A /* Buttons */,
				0C65BC562C5638B10046B20A /* LogoAndTextsView.swift */,
				0C65BC652C56BCAC0046B20A /* SnackView.swift */,
			);
			path = Views;
			sourceTree = "<group>";
		};
		0C65BC5B2C5639D30046B20A /* Buttons */ = {
			isa = PBXGroup;
			children = (
				0C65BC5C2C563A130046B20A /* RegistrationButtonView.swift */,
				0C65BC5E2C563A910046B20A /* LoginButtonView.swift */,
			);
			path = Buttons;
			sourceTree = "<group>";
		};
		0C65BC602C563C6E0046B20A /* Extension */ = {
			isa = PBXGroup;
			children = (
				0C65BC632C563D610046B20A /* ButtonStyle+Ext.swift */,
			);
			path = Extension;
			sourceTree = "<group>";
		};
/* End PBXGroup section */

/* Begin PBXNativeTarget section */
		0C65BC442C53D13D0046B20A /* IntroDiscord */ = {
			isa = PBXNativeTarget;
			buildConfigurationList = 0C65BC532C53D13E0046B20A /* Build configuration list for PBXNativeTarget "IntroDiscord" */;
			buildPhases = (
				0C65BC412C53D13D0046B20A /* Sources */,
				0C65BC422C53D13D0046B20A /* Frameworks */,
				0C65BC432C53D13D0046B20A /* Resources */,
			);
			buildRules = (
			);
			dependencies = (
			);
			name = IntroDiscord;
			productName = IntroDiscord;
			productReference = 0C65BC452C53D13D0046B20A /* IntroDiscord.app */;
			productType = "com.apple.product-type.application";
		};
/* End PBXNativeTarget section */

/* Begin PBXProject section */
		0C65BC3D2C53D13D0046B20A /* Project object */ = {
			isa = PBXProject;
			attributes = {
				BuildIndependentTargetsInParallel = 1;
				LastSwiftUpdateCheck = 1540;
				LastUpgradeCheck = 1540;
				TargetAttributes = {
					0C65BC442C53D13D0046B20A = {
						CreatedOnToolsVersion = 15.4;
					};
				};
			};
			buildConfigurationList = 0C65BC402C53D13D0046B20A /* Build configuration list for PBXProject "IntroDiscord" */;
			compatibilityVersion = "Xcode 14.0";
			developmentRegion = en;
			hasScannedForEncodings = 0;
			knownRegions = (
				en,
				Base,
			);
			mainGroup = 0C65BC3C2C53D13D0046B20A;
			productRefGroup = 0C65BC462C53D13D0046B20A /* Products */;
			projectDirPath = "";
			projectRoot = "";
			targets = (
				0C65BC442C53D13D0046B20A /* IntroDiscord */,
			);
		};
/* End PBXProject section */

/* Begin PBXResourcesBuildPhase section */
		0C65BC432C53D13D0046B20A /* Resources */ = {
			isa = PBXResourcesBuildPhase;
			buildActionMask = 2147483647;
			files = (
				0C65BC502C53D13E0046B20A /* Preview Assets.xcassets in Resources */,
				0C65BC4D2C53D13E0046B20A /* Assets.xcassets in Resources */,
			);
			runOnlyForDeploymentPostprocessing = 0;
		};
/* End PBXResourcesBuildPhase section */

/* Begin PBXSourcesBuildPhase section */
		0C65BC412C53D13D0046B20A /* Sources */ = {
			isa = PBXSourcesBuildPhase;
			buildActionMask = 2147483647;
			files = (
				0C65BC682C57CBC90046B20A /* ContentViewModel.swift in Sources */,
				0C65BC572C5638B10046B20A /* LogoAndTextsView.swift in Sources */,
				0C65BC642C563D610046B20A /* ButtonStyle+Ext.swift in Sources */,
				0C65BC4B2C53D13D0046B20A /* ContentView.swift in Sources */,
				0C65BC492C53D13D0046B20A /* IntroDiscordApp.swift in Sources */,
				0C65BC662C56BCAC0046B20A /* SnackView.swift in Sources */,
				0C65BC5D2C563A130046B20A /* RegistrationButtonView.swift in Sources */,
				0C65BC5F2C563A910046B20A /* LoginButtonView.swift in Sources */,
			);
			runOnlyForDeploymentPostprocessing = 0;
		};
/* End PBXSourcesBuildPhase section */

/* Begin XCBuildConfiguration section */
		0C65BC512C53D13E0046B20A /* Debug */ = {
			isa = XCBuildConfiguration;
			buildSettings = {
				ALWAYS_SEARCH_USER_PATHS = NO;
				ASSETCATALOG_COMPILER_GENERATE_SWIFT_ASSET_SYMBOL_EXTENSIONS = YES;
				CLANG_ANALYZER_NONNULL = YES;
				CLANG_ANALYZER_NUMBER_OBJECT_CONVERSION = YES_AGGRESSIVE;
				CLANG_CXX_LANGUAGE_STANDARD = "gnu++20";
				CLANG_ENABLE_MODULES = YES;
				CLANG_ENABLE_OBJC_ARC = YES;
				CLANG_ENABLE_OBJC_WEAK = YES;
				CLANG_WARN_BLOCK_CAPTURE_AUTORELEASING = YES;
				CLANG_WARN_BOOL_CONVERSION = YES;
				CLANG_WARN_COMMA = YES;
				CLANG_WARN_CONSTANT_CONVERSION = YES;
				CLANG_WARN_DEPRECATED_OBJC_IMPLEMENTATIONS = YES;
				CLANG_WARN_DIRECT_OBJC_ISA_USAGE = YES_ERROR;
				CLANG_WARN_DOCUMENTATION_COMMENTS = YES;
				CLANG_WARN_EMPTY_BODY = YES;
				CLANG_WARN_ENUM_CONVERSION = YES;
				CLANG_WARN_INFINITE_RECURSION = YES;
				CLANG_WARN_INT_CONVERSION = YES;
				CLANG_WARN_NON_LITERAL_NULL_CONVERSION = YES;
				CLANG_WARN_OBJC_IMPLICIT_RETAIN_SELF = YES;
				CLANG_WARN_OBJC_LITERAL_CONVERSION = YES;
				CLANG_WARN_OBJC_ROOT_CLASS = YES_ERROR;
				CLANG_WARN_QUOTED_INCLUDE_IN_FRAMEWORK_HEADER = YES;
				CLANG_WARN_RANGE_LOOP_ANALYSIS = YES;
				CLANG_WARN_STRICT_PROTOTYPES = YES;
				CLANG_WARN_SUSPICIOUS_MOVE = YES;
				CLANG_WARN_UNGUARDED_AVAILABILITY = YES_AGGRESSIVE;
				CLANG_WARN_UNREACHABLE_CODE = YES;
				CLANG_WARN__DUPLICATE_METHOD_MATCH = YES;
				COPY_PHASE_STRIP = NO;
				DEBUG_INFORMATION_FORMAT = dwarf;
				ENABLE_STRICT_OBJC_MSGSEND = YES;
				ENABLE_TESTABILITY = YES;
				ENABLE_USER_SCRIPT_SANDBOXING = YES;
				GCC_C_LANGUAGE_STANDARD = gnu17;
				GCC_DYNAMIC_NO_PIC = NO;
				GCC_NO_COMMON_BLOCKS = YES;
				GCC_OPTIMIZATION_LEVEL = 0;
				GCC_PREPROCESSOR_DEFINITIONS = (
					"DEBUG=1",
					"$(inherited)",
				);
				GCC_WARN_64_TO_32_BIT_CONVERSION = YES;
				GCC_WARN_ABOUT_RETURN_TYPE = YES_ERROR;
				GCC_WARN_UNDECLARED_SELECTOR = YES;
				GCC_WARN_UNINITIALIZED_AUTOS = YES_AGGRESSIVE;
				GCC_WARN_UNUSED_FUNCTION = YES;
				GCC_WARN_UNUSED_VARIABLE = YES;
				IPHONEOS_DEPLOYMENT_TARGET = 17.5;
				LOCALIZATION_PREFERS_STRING_CATALOGS = YES;
				MTL_ENABLE_DEBUG_INFO = INCLUDE_SOURCE;
				MTL_FAST_MATH = YES;
				ONLY_ACTIVE_ARCH = YES;
				SDKROOT = iphoneos;
				SWIFT_ACTIVE_COMPILATION_CONDITIONS = "DEBUG $(inherited)";
				SWIFT_OPTIMIZATION_LEVEL = "-Onone";
			};
			name = Debug;
		};
		0C65BC522C53D13E0046B20A /* Release */ = {
			isa = XCBuildConfiguration;
			buildSettings = {
				ALWAYS_SEARCH_USER_PATHS = NO;
				ASSETCATALOG_COMPILER_GENERATE_SWIFT_ASSET_SYMBOL_EXTENSIONS = YES;
				CLANG_ANALYZER_NONNULL = YES;
				CLANG_ANALYZER_NUMBER_OBJECT_CONVERSION = YES_AGGRESSIVE;
				CLANG_CXX_LANGUAGE_STANDARD = "gnu++20";
				CLANG_ENABLE_MODULES = YES;
				CLANG_ENABLE_OBJC_ARC = YES;
				CLANG_ENABLE_OBJC_WEAK = YES;
				CLANG_WARN_BLOCK_CAPTURE_AUTORELEASING = YES;
				CLANG_WARN_BOOL_CONVERSION = YES;
				CLANG_WARN_COMMA = YES;
				CLANG_WARN_CONSTANT_CONVERSION = YES;
				CLANG_WARN_DEPRECATED_OBJC_IMPLEMENTATIONS = YES;
				CLANG_WARN_DIRECT_OBJC_ISA_USAGE = YES_ERROR;
				CLANG_WARN_DOCUMENTATION_COMMENTS = YES;
				CLANG_WARN_EMPTY_BODY = YES;
				CLANG_WARN_ENUM_CONVERSION = YES;
				CLANG_WARN_INFINITE_RECURSION = YES;
				CLANG_WARN_INT_CONVERSION = YES;
				CLANG_WARN_NON_LITERAL_NULL_CONVERSION = YES;
				CLANG_WARN_OBJC_IMPLICIT_RETAIN_SELF = YES;
				CLANG_WARN_OBJC_LITERAL_CONVERSION = YES;
				CLANG_WARN_OBJC_ROOT_CLASS = YES_ERROR;
				CLANG_WARN_QUOTED_INCLUDE_IN_FRAMEWORK_HEADER = YES;
				CLANG_WARN_RANGE_LOOP_ANALYSIS = YES;
				CLANG_WARN_STRICT_PROTOTYPES = YES;
				CLANG_WARN_SUSPICIOUS_MOVE = YES;
				CLANG_WARN_UNGUARDED_AVAILABILITY = YES_AGGRESSIVE;
				CLANG_WARN_UNREACHABLE_CODE = YES;
				CLANG_WARN__DUPLICATE_METHOD_MATCH = YES;
				COPY_PHASE_STRIP = NO;
				DEBUG_INFORMATION_FORMAT = "dwarf-with-dsym";
				ENABLE_NS_ASSERTIONS = NO;
				ENABLE_STRICT_OBJC_MSGSEND = YES;
				ENABLE_USER_SCRIPT_SANDBOXING = YES;
				GCC_C_LANGUAGE_STANDARD = gnu17;
				GCC_NO_COMMON_BLOCKS = YES;
				GCC_WARN_64_TO_32_BIT_CONVERSION = YES;
				GCC_WARN_ABOUT_RETURN_TYPE = YES_ERROR;
				GCC_WARN_UNDECLARED_SELECTOR = YES;
				GCC_WARN_UNINITIALIZED_AUTOS = YES_AGGRESSIVE;
				GCC_WARN_UNUSED_FUNCTION = YES;
				GCC_WARN_UNUSED_VARIABLE = YES;
				IPHONEOS_DEPLOYMENT_TARGET = 17.5;
				LOCALIZATION_PREFERS_STRING_CATALOGS = YES;
				MTL_ENABLE_DEBUG_INFO = NO;
				MTL_FAST_MATH = YES;
				SDKROOT = iphoneos;
				SWIFT_COMPILATION_MODE = wholemodule;
				VALIDATE_PRODUCT = YES;
			};
			name = Release;
		};
		0C65BC542C53D13E0046B20A /* Debug */ = {
			isa = XCBuildConfiguration;
			buildSettings = {
				ASSETCATALOG_COMPILER_APPICON_NAME = AppIcon;
				ASSETCATALOG_COMPILER_GLOBAL_ACCENT_COLOR_NAME = AccentColor;
				CODE_SIGN_STYLE = Automatic;
				CURRENT_PROJECT_VERSION = 1;
				DEVELOPMENT_ASSET_PATHS = "\"IntroDiscord/Preview Content\"";
				DEVELOPMENT_TEAM = 3ASY9C6DNH;
				ENABLE_PREVIEWS = YES;
				GENERATE_INFOPLIST_FILE = YES;
				INFOPLIST_KEY_UIApplicationSceneManifest_Generation = YES;
				INFOPLIST_KEY_UIApplicationSupportsIndirectInputEvents = YES;
				INFOPLIST_KEY_UILaunchScreen_Generation = YES;
				INFOPLIST_KEY_UISupportedInterfaceOrientations_iPad = "UIInterfaceOrientationPortrait UIInterfaceOrientationPortraitUpsideDown UIInterfaceOrientationLandscapeLeft UIInterfaceOrientationLandscapeRight";
				INFOPLIST_KEY_UISupportedInterfaceOrientations_iPhone = "UIInterfaceOrientationPortrait UIInterfaceOrientationLandscapeLeft UIInterfaceOrientationLandscapeRight";
				LD_RUNPATH_SEARCH_PATHS = (
					"$(inherited)",
					"@executable_path/Frameworks",
				);
				MARKETING_VERSION = 1.0;
				PRODUCT_BUNDLE_IDENTIFIER = com.artyompetrichenko.IntroDiscord;
				PRODUCT_NAME = "$(TARGET_NAME)";
				SWIFT_EMIT_LOC_STRINGS = YES;
				SWIFT_VERSION = 5.0;
				TARGETED_DEVICE_FAMILY = "1,2";
			};
			name = Debug;
		};
		0C65BC552C53D13E0046B20A /* Release */ = {
			isa = XCBuildConfiguration;
			buildSettings = {
				ASSETCATALOG_COMPILER_APPICON_NAME = AppIcon;
				ASSETCATALOG_COMPILER_GLOBAL_ACCENT_COLOR_NAME = AccentColor;
				CODE_SIGN_STYLE = Automatic;
				CURRENT_PROJECT_VERSION = 1;
				DEVELOPMENT_ASSET_PATHS = "\"IntroDiscord/Preview Content\"";
				DEVELOPMENT_TEAM = 3ASY9C6DNH;
				ENABLE_PREVIEWS = YES;
				GENERATE_INFOPLIST_FILE = YES;
				INFOPLIST_KEY_UIApplicationSceneManifest_Generation = YES;
				INFOPLIST_KEY_UIApplicationSupportsIndirectInputEvents = YES;
				INFOPLIST_KEY_UILaunchScreen_Generation = YES;
				INFOPLIST_KEY_UISupportedInterfaceOrientations_iPad = "UIInterfaceOrientationPortrait UIInterfaceOrientationPortraitUpsideDown UIInterfaceOrientationLandscapeLeft UIInterfaceOrientationLandscapeRight";
				INFOPLIST_KEY_UISupportedInterfaceOrientations_iPhone = "UIInterfaceOrientationPortrait UIInterfaceOrientationLandscapeLeft UIInterfaceOrientationLandscapeRight";
				LD_RUNPATH_SEARCH_PATHS = (
					"$(inherited)",
					"@executable_path/Frameworks",
				);
				MARKETING_VERSION = 1.0;
				PRODUCT_BUNDLE_IDENTIFIER = com.artyompetrichenko.IntroDiscord;
				PRODUCT_NAME = "$(TARGET_NAME)";
				SWIFT_EMIT_LOC_STRINGS = YES;
				SWIFT_VERSION = 5.0;
				TARGETED_DEVICE_FAMILY = "1,2";
			};
			name = Release;
		};
/* End XCBuildConfiguration section */

/* Begin XCConfigurationList section */
		0C65BC402C53D13D0046B20A /* Build configuration list for PBXProject "IntroDiscord" */ = {
			isa = XCConfigurationList;
			buildConfigurations = (
				0C65BC512C53D13E0046B20A /* Debug */,
				0C65BC522C53D13E0046B20A /* Release */,
			);
			defaultConfigurationIsVisible = 0;
			defaultConfigurationName = Release;
		};
		0C65BC532C53D13E0046B20A /* Build configuration list for PBXNativeTarget "IntroDiscord" */ = {
			isa = XCConfigurationList;
			buildConfigurations = (
				0C65BC542C53D13E0046B20A /* Debug */,
				0C65BC552C53D13E0046B20A /* Release */,
			);
			defaultConfigurationIsVisible = 0;
			defaultConfigurationName = Release;
		};
/* End XCConfigurationList section */
	};
	rootObject = 0C65BC3D2C53D13D0046B20A /* Project object */;
}
